PODS:
  - ReactiveObjC (3.1.0)

DEPENDENCIES:
  - ReactiveObjC (~> 3.1.0)

SPEC REPOS:
  https://github.com/cocoapods/specs.git:
    - ReactiveObjC

SPEC CHECKSUMS:
  ReactiveObjC: 2a38ea15335de4119d8b17caf1db1484f61db902

PODFILE CHECKSUM: 684d6491c6cc85e4f800c5bd0714d2a40d57f35b

COCOAPODS: 1.5.3
